
Microsoft Visual Studio Solution File, Format Version 12.00
# Visual Studio Version 17
VisualStudioVersion = 17.13.35913.81 d17.13
MinimumVisualStudioVersion = 10.0.40219.1
Project("{FAE04EC0-301F-11D3-BF4B-00C04F79EFBC}") = "HouseholdBudget", "HouseholdBudget.csproj", "{F9BB6B3A-7507-4084-B245-AD91A79376EE}"
EndProject
Global
	GlobalSection(SolutionConfigurationPlatforms) = preSolution
		Debug|Any CPU = Debug|Any CPU
		Release|Any CPU = Release|Any CPU
	EndGlobalSection
	GlobalSection(ProjectConfigurationPlatforms) = postSolution
		{F9BB6B3A-7507-4084-B245-AD91A79376EE}.Debug|Any CPU.ActiveCfg = Debug|Any CPU
		{F9BB6B3A-7507-4084-B245-AD91A79376EE}.Debug|Any CPU.Build.0 = Debug|Any CPU
		{F9BB6B3A-7507-4084-B245-AD91A79376EE}.Release|Any CPU.ActiveCfg = Release|Any CPU
		{F9BB6B3A-7507-4084-B245-AD91A79376EE}.Release|Any CPU.Build.0 = Release|Any CPU
	EndGlobalSection
	GlobalSection(SolutionProperties) = preSolution
		HideSolutionNode = FALSE
	EndGlobalSection
	GlobalSection(ExtensibilityGlobals) = postSolution
		SolutionGuid = {EF1BD523-7F60-488A-AA65-23F44F9533F2}
	EndGlobalSection
EndGlobal
