
Microsoft Visual Studio Solution File, Format Version 12.00
# Visual Studio Version 17
VisualStudioVersion = 17.13.35913.81 d17.13
MinimumVisualStudioVersion = 10.0.40219.1
Project("{FAE04EC0-301F-11D3-BF4B-00C04F79EFBC}") = "HouseholdBudget.Core", "HouseholdBudget.Core\HouseholdBudget.Core.csproj", "{347165FF-ACE9-43AF-87D5-0F9968A76D7A}"
EndProject
Global
	GlobalSection(SolutionConfigurationPlatforms) = preSolution
		Debug|Any CPU = Debug|Any CPU
		Release|Any CPU = Release|Any CPU
	EndGlobalSection
	GlobalSection(ProjectConfigurationPlatforms) = postSolution
		{347165FF-ACE9-43AF-87D5-0F9968A76D7A}.Debug|Any CPU.ActiveCfg = Debug|Any CPU
		{347165FF-ACE9-43AF-87D5-0F9968A76D7A}.Debug|Any CPU.Build.0 = Debug|Any CPU
		{347165FF-ACE9-43AF-87D5-0F9968A76D7A}.Release|Any CPU.ActiveCfg = Release|Any CPU
		{347165FF-ACE9-43AF-87D5-0F9968A76D7A}.Release|Any CPU.Build.0 = Release|Any CPU
	EndGlobalSection
	GlobalSection(SolutionProperties) = preSolution
		HideSolutionNode = FALSE
	EndGlobalSection
	GlobalSection(ExtensibilityGlobals) = postSolution
		SolutionGuid = {73E30684-0DDB-412B-893B-53C789EF8CF8}
	EndGlobalSection
EndGlobal
